uuid: 8606d3fb-58fc-44c7-ba82-90157ac754de
langcode: es
status: true
dependencies:
  module:
    - system
    - tweets
  theme:
    - aklas
_core:
  default_config_hash: hqmB_sOPWl-LGPMiFctSimNrDD-tJCA-FCQpzO4uuTc
id: twitterblock
theme: aklas
region: sidebar_second
weight: -9
provider: null
plugin: twitter_block
settings:
  id: twitter_block
  label: 'Twitter Feed'
  provider: tweets
  label_display: visible
  access_token: 66602651-TzUCJQZRfg8BRWaMV5Ts6paUMuO2ku8inAQNCSgno
  token_secret: p8gmfSO98CECsB0ytF1MbulHzKnASSQNpWxVqYMLEf8yS
  consumer_key: CRJnoY0e7clONaH7XN6rDF49N
  consumer_secret: EBtR3pLy6RgKFyXpk0NIW7PnvDM21hj4aTim5pKoKPUe1HecSW
  tweets_username: tabvn
  tweets_limit: '3'
visibility:
  request_path:
    id: request_path
    pages: "/blog\r\n/blog/*\r\n/tags/*\r\n/category/*\r\n/archive\r\n/archive/*"
    negate: false
    context_mapping: {  }
